<?xml version="1.0" encoding="utf-8"?>
<Project ToolsVersion="4.0" xmlns="http://schemas.microsoft.com/developer/msbuild/2003">
  <ItemGroup>
    <Filter Include="SystemClass">
      <UniqueIdentifier>{1ac3d79f-99bf-4522-9ec1-751c6824c4c7}</UniqueIdentifier>
    </Filter>
    <Filter Include="D3DClass">
      <UniqueIdentifier>{77910288-1a96-4862-b45c-ff3caed8abcf}</UniqueIdentifier>
    </Filter>
    <Filter Include="ModelClass">
      <UniqueIdentifier>{a1cdb38e-7439-4d81-a650-4588a4da1849}</UniqueIdentifier>
    </Filter>
    <Filter Include="ShaderClass">
      <UniqueIdentifier>{79dcd685-84d9-4f58-9908-536db55f962a}</UniqueIdentifier>
    </Filter>
    <Filter Include="CameraClass">
      <UniqueIdentifier>{16d72a78-2edd-4030-99f3-0f17f441df71}</UniqueIdentifier>
    </Filter>
    <Filter Include="ShaderClass\Shader">
      <UniqueIdentifier>{6c94e561-00ca-4e48-968d-19ae05b17559}</UniqueIdentifier>
    </Filter>
    <Filter Include="ShaderClass\ShaderOutput">
      <UniqueIdentifier>{fb73d130-d83c-4a83-9ba9-51cd869f3194}</UniqueIdentifier>
    </Filter>
    <Filter Include="LightClass">
      <UniqueIdentifier>{17a00584-bb06-4fac-b006-1bddce58cb4e}</UniqueIdentifier>
    </Filter>
    <Filter Include="[PCH]">
      <UniqueIdentifier>{ebea5dac-1267-4cc0-8fd6-068a15516b42}</UniqueIdentifier>
    </Filter>
    <Filter Include="GameClass">
      <UniqueIdentifier>{c9b54491-a382-4130-b9c4-67ef9cdb9b4b}</UniqueIdentifier>
    </Filter>
    <Filter Include="[Assets]">
      <UniqueIdentifier>{f212e9fc-0fa2-4083-b450-ccd5a363fe09}</UniqueIdentifier>
    </Filter>
    <Filter Include="[Resources]">
      <UniqueIdentifier>{67DA6AB6-F800-4c08-8B7A-83BB121AAD01}</UniqueIdentifier>
      <Extensions>rc;ico;cur;bmp;dlg;rc2;rct;bin;rgs;gif;jpg;jpeg;jpe;resx;tiff;tif;png;wav;mfcribbon-ms</Extensions>
    </Filter>
  </ItemGroup>
  <ItemGroup>
    <ClCompile Include="main.cpp" />
    <ClCompile Include="stdafx.cpp">
      <Filter>[PCH]</Filter>
    </ClCompile>
    <ClCompile Include="SystemClass.cpp">
      <Filter>SystemClass</Filter>
    </ClCompile>
    <ClCompile Include="D3DClass.cpp">
      <Filter>D3DClass</Filter>
    </ClCompile>
    <ClCompile Include="ShaderClass.cpp">
      <Filter>ShaderClass</Filter>
    </ClCompile>
    <ClCompile Include="ModelClass.cpp">
      <Filter>ModelClass</Filter>
    </ClCompile>
    <ClCompile Include="CameraClass.cpp">
      <Filter>CameraClass</Filter>
    </ClCompile>
    <ClCompile Include="LightClass.cpp">
      <Filter>LightClass</Filter>
    </ClCompile>
    <ClCompile Include="GameClass.cpp">
      <Filter>GameClass</Filter>
    </ClCompile>
  </ItemGroup>
  <ItemGroup>
    <ClInclude Include="stdafx.h">
      <Filter>[PCH]</Filter>
    </ClInclude>
    <ClInclude Include="targetver.h">
      <Filter>[PCH]</Filter>
    </ClInclude>
    <ClInclude Include="SystemClass.h">
      <Filter>SystemClass</Filter>
    </ClInclude>
    <ClInclude Include="D3DClass.h">
      <Filter>D3DClass</Filter>
    </ClInclude>
    <ClInclude Include="ShaderClass.h">
      <Filter>ShaderClass</Filter>
    </ClInclude>
    <ClInclude Include="ModelClass.h">
      <Filter>ModelClass</Filter>
    </ClInclude>
    <ClInclude Include="CameraClass.h">
      <Filter>CameraClass</Filter>
    </ClInclude>
    <ClInclude Include="PixelShader.h">
      <Filter>ShaderClass\ShaderOutput</Filter>
    </ClInclude>
    <ClInclude Include="VertexShader.h">
      <Filter>ShaderClass\ShaderOutput</Filter>
    </ClInclude>
    <ClInclude Include="LightClass.h">
      <Filter>LightClass</Filter>
    </ClInclude>
    <ClInclude Include="resource.h">
      <Filter>[Resources]</Filter>
    </ClInclude>
    <ClInclude Include="GameClass.h">
      <Filter>GameClass</Filter>
    </ClInclude>
  </ItemGroup>
  <ItemGroup>
    <None Include="Header.hlsli">
      <Filter>ShaderClass\Shader</Filter>
    </None>
    <None Include="Assets\Mk 12 SPR.cmo">
      <Filter>[Assets]</Filter>
    </None>
  </ItemGroup>
  <ItemGroup>
    <FxCompile Include="PixelShader.hlsl">
      <Filter>ShaderClass\Shader</Filter>
    </FxCompile>
    <FxCompile Include="VertexShader.hlsl">
      <Filter>ShaderClass\Shader</Filter>
    </FxCompile>
  </ItemGroup>
  <ItemGroup>
    <ResourceCompile Include="Executable.rc">
      <Filter>[Resources]</Filter>
    </ResourceCompile>
  </ItemGroup>
  <ItemGroup>
    <Image Include="Assets\texture.dds">
      <Filter>[Assets]</Filter>
    </Image>
  </ItemGroup>
</Project>